
Microsoft Visual Studio Solution File, Format Version 12.00
# Visual Studio Version 17
VisualStudioVersion = 17.0.31903.59
MinimumVisualStudioVersion = 10.0.40219.1
Project("{2150E333-8FDC-42A3-9474-1A3956D46DE8}") = "src", "src", "{B7483841-9C08-4D04-AF90-E1DF4A1BE94E}"
EndProject
Project("{2150E333-8FDC-42A3-9474-1A3956D46DE8}") = "CreationalPatterns", "CreationalPatterns", "{150650FA-4C43-4DC0-97FD-5655C3104220}"
EndProject
Project("{2150E333-8FDC-42A3-9474-1A3956D46DE8}") = "FactoryMethod", "FactoryMethod", "{66032533-9ED3-4204-891C-E6707D721776}"
EndProject
Project("{2150E333-8FDC-42A3-9474-1A3956D46DE8}") = "Examples", "Examples", "{ED047D5C-0B61-433D-8232-35C58DF9BB90}"
EndProject
Project("{FAE04EC0-301F-11D3-BF4B-00C04F79EFBC}") = "Document", "src\CreationalPatterns\FactoryMethod\Examples\Document\Document.csproj", "{C0CCBA3E-7915-4866-B9A2-E574C5304627}"
EndProject
Project("{FAE04EC0-301F-11D3-BF4B-00C04F79EFBC}") = "Logger", "src\CreationalPatterns\FactoryMethod\Examples\Logger\Logger.csproj", "{57DCE35C-29CE-4984-9AA7-5E04EE888DF4}"
EndProject
Project("{FAE04EC0-301F-11D3-BF4B-00C04F79EFBC}") = "Notification", "src\CreationalPatterns\FactoryMethod\Examples\Notification\Notification.csproj", "{E21589A4-5A99-4236-9F2D-A1EECDB96561}"
EndProject
Project("{FAE04EC0-301F-11D3-BF4B-00C04F79EFBC}") = "Transport", "src\CreationalPatterns\FactoryMethod\Examples\Transport\Transport.csproj", "{251AECA6-36F5-4ECA-A9FD-A36235EA308C}"
EndProject
Project("{2150E333-8FDC-42A3-9474-1A3956D46DE8}") = "Prototype", "Prototype", "{4CD3946A-9595-4108-B00A-4B7A86275972}"
EndProject
Project("{2150E333-8FDC-42A3-9474-1A3956D46DE8}") = "Exemples", "Exemples", "{75202999-749E-46CB-8966-8A9B3684FA8D}"
EndProject
Project("{FAE04EC0-301F-11D3-BF4B-00C04F79EFBC}") = "Person", "src\CreationalPatterns\Prototype\Exemples\Person\Person.csproj", "{C3820C7C-26E9-4240-A02E-B3E32937ACEF}"
EndProject
Project("{FAE04EC0-301F-11D3-BF4B-00C04F79EFBC}") = "Configuration", "src\CreationalPatterns\Prototype\Exemples\Configuration\Configuration.csproj", "{DD5BE565-2074-4251-8F0F-069C75524452}"
EndProject
Project("{FAE04EC0-301F-11D3-BF4B-00C04F79EFBC}") = "Car", "src\CreationalPatterns\Prototype\Exemples\Car\Car.csproj", "{5D5BC555-2E3B-4008-BF04-949816A39D43}"
EndProject
Project("{FAE04EC0-301F-11D3-BF4B-00C04F79EFBC}") = "Employee", "src\CreationalPatterns\Prototype\Exemples\Employee\Employee.csproj", "{F31A3ABB-A1DD-4C0B-8F2E-077B93B553DE}"
EndProject
Project("{2150E333-8FDC-42A3-9474-1A3956D46DE8}") = "AbstractFactory", "AbstractFactory", "{F961CC6A-9144-4501-9689-C011550DC762}"
EndProject
Project("{2150E333-8FDC-42A3-9474-1A3956D46DE8}") = "Examples", "Examples", "{403D4F77-3DC4-4253-98FF-53F61470552B}"
EndProject
Project("{FAE04EC0-301F-11D3-BF4B-00C04F79EFBC}") = "MyProducts", "src\CreationalPatterns\AbstractFactory\Examples\MyProducts\MyProducts.csproj", "{861C5CFA-64DB-4630-8B9C-D9714507869F}"
EndProject
Project("{FAE04EC0-301F-11D3-BF4B-00C04F79EFBC}") = "Employee", "src\CreationalPatterns\AbstractFactory\Examples\Employee\Employee\Employee.csproj", "{C4311230-C9D0-46FB-A07A-F26667584407}"
EndProject
Global
	GlobalSection(SolutionConfigurationPlatforms) = preSolution
		Debug|Any CPU = Debug|Any CPU
		Release|Any CPU = Release|Any CPU
	EndGlobalSection
	GlobalSection(SolutionProperties) = preSolution
		HideSolutionNode = FALSE
	EndGlobalSection
	GlobalSection(ProjectConfigurationPlatforms) = postSolution
		{C0CCBA3E-7915-4866-B9A2-E574C5304627}.Debug|Any CPU.ActiveCfg = Debug|Any CPU
		{C0CCBA3E-7915-4866-B9A2-E574C5304627}.Debug|Any CPU.Build.0 = Debug|Any CPU
		{C0CCBA3E-7915-4866-B9A2-E574C5304627}.Release|Any CPU.ActiveCfg = Release|Any CPU
		{C0CCBA3E-7915-4866-B9A2-E574C5304627}.Release|Any CPU.Build.0 = Release|Any CPU
		{57DCE35C-29CE-4984-9AA7-5E04EE888DF4}.Debug|Any CPU.ActiveCfg = Debug|Any CPU
		{57DCE35C-29CE-4984-9AA7-5E04EE888DF4}.Debug|Any CPU.Build.0 = Debug|Any CPU
		{57DCE35C-29CE-4984-9AA7-5E04EE888DF4}.Release|Any CPU.ActiveCfg = Release|Any CPU
		{57DCE35C-29CE-4984-9AA7-5E04EE888DF4}.Release|Any CPU.Build.0 = Release|Any CPU
		{E21589A4-5A99-4236-9F2D-A1EECDB96561}.Debug|Any CPU.ActiveCfg = Debug|Any CPU
		{E21589A4-5A99-4236-9F2D-A1EECDB96561}.Debug|Any CPU.Build.0 = Debug|Any CPU
		{E21589A4-5A99-4236-9F2D-A1EECDB96561}.Release|Any CPU.ActiveCfg = Release|Any CPU
		{E21589A4-5A99-4236-9F2D-A1EECDB96561}.Release|Any CPU.Build.0 = Release|Any CPU
		{251AECA6-36F5-4ECA-A9FD-A36235EA308C}.Debug|Any CPU.ActiveCfg = Debug|Any CPU
		{251AECA6-36F5-4ECA-A9FD-A36235EA308C}.Debug|Any CPU.Build.0 = Debug|Any CPU
		{251AECA6-36F5-4ECA-A9FD-A36235EA308C}.Release|Any CPU.ActiveCfg = Release|Any CPU
		{251AECA6-36F5-4ECA-A9FD-A36235EA308C}.Release|Any CPU.Build.0 = Release|Any CPU
		{C3820C7C-26E9-4240-A02E-B3E32937ACEF}.Debug|Any CPU.ActiveCfg = Debug|Any CPU
		{C3820C7C-26E9-4240-A02E-B3E32937ACEF}.Debug|Any CPU.Build.0 = Debug|Any CPU
		{C3820C7C-26E9-4240-A02E-B3E32937ACEF}.Release|Any CPU.ActiveCfg = Release|Any CPU
		{C3820C7C-26E9-4240-A02E-B3E32937ACEF}.Release|Any CPU.Build.0 = Release|Any CPU
		{DD5BE565-2074-4251-8F0F-069C75524452}.Debug|Any CPU.ActiveCfg = Debug|Any CPU
		{DD5BE565-2074-4251-8F0F-069C75524452}.Debug|Any CPU.Build.0 = Debug|Any CPU
		{DD5BE565-2074-4251-8F0F-069C75524452}.Release|Any CPU.ActiveCfg = Release|Any CPU
		{DD5BE565-2074-4251-8F0F-069C75524452}.Release|Any CPU.Build.0 = Release|Any CPU
		{5D5BC555-2E3B-4008-BF04-949816A39D43}.Debug|Any CPU.ActiveCfg = Debug|Any CPU
		{5D5BC555-2E3B-4008-BF04-949816A39D43}.Debug|Any CPU.Build.0 = Debug|Any CPU
		{5D5BC555-2E3B-4008-BF04-949816A39D43}.Release|Any CPU.ActiveCfg = Release|Any CPU
		{5D5BC555-2E3B-4008-BF04-949816A39D43}.Release|Any CPU.Build.0 = Release|Any CPU
		{F31A3ABB-A1DD-4C0B-8F2E-077B93B553DE}.Debug|Any CPU.ActiveCfg = Debug|Any CPU
		{F31A3ABB-A1DD-4C0B-8F2E-077B93B553DE}.Debug|Any CPU.Build.0 = Debug|Any CPU
		{F31A3ABB-A1DD-4C0B-8F2E-077B93B553DE}.Release|Any CPU.ActiveCfg = Release|Any CPU
		{F31A3ABB-A1DD-4C0B-8F2E-077B93B553DE}.Release|Any CPU.Build.0 = Release|Any CPU
		{861C5CFA-64DB-4630-8B9C-D9714507869F}.Debug|Any CPU.ActiveCfg = Debug|Any CPU
		{861C5CFA-64DB-4630-8B9C-D9714507869F}.Debug|Any CPU.Build.0 = Debug|Any CPU
		{861C5CFA-64DB-4630-8B9C-D9714507869F}.Release|Any CPU.ActiveCfg = Release|Any CPU
		{861C5CFA-64DB-4630-8B9C-D9714507869F}.Release|Any CPU.Build.0 = Release|Any CPU
		{C4311230-C9D0-46FB-A07A-F26667584407}.Debug|Any CPU.ActiveCfg = Debug|Any CPU
		{C4311230-C9D0-46FB-A07A-F26667584407}.Debug|Any CPU.Build.0 = Debug|Any CPU
		{C4311230-C9D0-46FB-A07A-F26667584407}.Release|Any CPU.ActiveCfg = Release|Any CPU
		{C4311230-C9D0-46FB-A07A-F26667584407}.Release|Any CPU.Build.0 = Release|Any CPU
	EndGlobalSection
	GlobalSection(NestedProjects) = preSolution
		{150650FA-4C43-4DC0-97FD-5655C3104220} = {B7483841-9C08-4D04-AF90-E1DF4A1BE94E}
		{66032533-9ED3-4204-891C-E6707D721776} = {150650FA-4C43-4DC0-97FD-5655C3104220}
		{ED047D5C-0B61-433D-8232-35C58DF9BB90} = {66032533-9ED3-4204-891C-E6707D721776}
		{C0CCBA3E-7915-4866-B9A2-E574C5304627} = {ED047D5C-0B61-433D-8232-35C58DF9BB90}
		{57DCE35C-29CE-4984-9AA7-5E04EE888DF4} = {ED047D5C-0B61-433D-8232-35C58DF9BB90}
		{E21589A4-5A99-4236-9F2D-A1EECDB96561} = {ED047D5C-0B61-433D-8232-35C58DF9BB90}
		{251AECA6-36F5-4ECA-A9FD-A36235EA308C} = {ED047D5C-0B61-433D-8232-35C58DF9BB90}
		{4CD3946A-9595-4108-B00A-4B7A86275972} = {150650FA-4C43-4DC0-97FD-5655C3104220}
		{75202999-749E-46CB-8966-8A9B3684FA8D} = {4CD3946A-9595-4108-B00A-4B7A86275972}
		{C3820C7C-26E9-4240-A02E-B3E32937ACEF} = {75202999-749E-46CB-8966-8A9B3684FA8D}
		{DD5BE565-2074-4251-8F0F-069C75524452} = {75202999-749E-46CB-8966-8A9B3684FA8D}
		{5D5BC555-2E3B-4008-BF04-949816A39D43} = {75202999-749E-46CB-8966-8A9B3684FA8D}
		{F31A3ABB-A1DD-4C0B-8F2E-077B93B553DE} = {75202999-749E-46CB-8966-8A9B3684FA8D}
		{F961CC6A-9144-4501-9689-C011550DC762} = {150650FA-4C43-4DC0-97FD-5655C3104220}
		{403D4F77-3DC4-4253-98FF-53F61470552B} = {F961CC6A-9144-4501-9689-C011550DC762}
		{861C5CFA-64DB-4630-8B9C-D9714507869F} = {403D4F77-3DC4-4253-98FF-53F61470552B}
		{C4311230-C9D0-46FB-A07A-F26667584407} = {403D4F77-3DC4-4253-98FF-53F61470552B}
	EndGlobalSection
EndGlobal
